Microsoft Visual Studio Solution File, Format Version 11.00
# Visual Studio 2008

Project("{7F03C352-7079-2540-A277-617988E90437}") = "UnicornZombieApocalypse", "Assembly-CSharp.csproj", "{B60350C8-41A2-84AB-E1F1-5FA86302A991}"
EndProject
Project("{7F03C352-7079-2540-A277-617988E90437}") = "UnicornZombieApocalypse", "Assembly-CSharp-Editor.csproj", "{3867D301-03C5-31BF-381F-3791FF8D86F0}"
EndProject
Project("{7F03C352-7079-2540-A277-617988E90437}") = "UnicornZombieApocalypse", "Assembly-UnityScript.unityproj", "{84686FB9-81AB-85CD-28C2-9B557CEDEE72}"
EndProject
Global
	GlobalSection(SolutionConfigurationPlatforms) = preSolution
		Debug|Any CPU = Debug|Any CPU
		Release|Any CPU = Release|Any CPU
	EndGlobalSection
	GlobalSection(ProjectConfigurationPlatforms) = postSolution
		{B60350C8-41A2-84AB-E1F1-5FA86302A991}.Debug|Any CPU.ActiveCfg = Debug|Any CPU
		{B60350C8-41A2-84AB-E1F1-5FA86302A991}.Debug|Any CPU.Build.0 = Debug|Any CPU
		{B60350C8-41A2-84AB-E1F1-5FA86302A991}.Release|Any CPU.ActiveCfg = Release|Any CPU
		{B60350C8-41A2-84AB-E1F1-5FA86302A991}.Release|Any CPU.Build.0 = Release|Any CPU
		{3867D301-03C5-31BF-381F-3791FF8D86F0}.Debug|Any CPU.ActiveCfg = Debug|Any CPU
		{3867D301-03C5-31BF-381F-3791FF8D86F0}.Debug|Any CPU.Build.0 = Debug|Any CPU
		{3867D301-03C5-31BF-381F-3791FF8D86F0}.Release|Any CPU.ActiveCfg = Release|Any CPU
		{3867D301-03C5-31BF-381F-3791FF8D86F0}.Release|Any CPU.Build.0 = Release|Any CPU
		{84686FB9-81AB-85CD-28C2-9B557CEDEE72}.Debug|Any CPU.ActiveCfg = Debug|Any CPU
		{84686FB9-81AB-85CD-28C2-9B557CEDEE72}.Debug|Any CPU.Build.0 = Debug|Any CPU
		{84686FB9-81AB-85CD-28C2-9B557CEDEE72}.Release|Any CPU.ActiveCfg = Release|Any CPU
		{84686FB9-81AB-85CD-28C2-9B557CEDEE72}.Release|Any CPU.Build.0 = Release|Any CPU
	EndGlobalSection
	GlobalSection(SolutionProperties) = preSolution
		HideSolutionNode = FALSE
	EndGlobalSection
	GlobalSection(MonoDevelopProperties) = preSolution
		StartupItem = Assembly-CSharp.csproj
	EndGlobalSection
EndGlobal
