
Microsoft Visual Studio Solution File, Format Version 12.00
# Visual Studio 2015
Project("{FAE04EC0-301F-11D3-BF4B-00C04F79EFBC}") = "UnicornZombieApocalypse.CSharp", "UnicornZombieApocalypse.CSharp.csproj", "{1FD9929A-E1E1-1A11-F3BF-7E7B53C607AB}"
EndProject
Project("{FAE04EC0-301F-11D3-BF4B-00C04F79EFBC}") = "UnicornZombieApocalypse.CSharp.Editor", "UnicornZombieApocalypse.CSharp.Editor.csproj", "{D25D6E21-CD7C-8799-2308-183F12A7391B}"
EndProject
Global
	GlobalSection(SolutionConfigurationPlatforms) = preSolution
		Debug|Any CPU = Debug|Any CPU
		Release|Any CPU = Release|Any CPU
	EndGlobalSection
	GlobalSection(ProjectConfigurationPlatforms) = postSolution
		{1FD9929A-E1E1-1A11-F3BF-7E7B53C607AB}.Debug|Any CPU.ActiveCfg = Debug|Any CPU
		{1FD9929A-E1E1-1A11-F3BF-7E7B53C607AB}.Debug|Any CPU.Build.0 = Debug|Any CPU
		{1FD9929A-E1E1-1A11-F3BF-7E7B53C607AB}.Release|Any CPU.ActiveCfg = Release|Any CPU
		{1FD9929A-E1E1-1A11-F3BF-7E7B53C607AB}.Release|Any CPU.Build.0 = Release|Any CPU
		{D25D6E21-CD7C-8799-2308-183F12A7391B}.Debug|Any CPU.ActiveCfg = Debug|Any CPU
		{D25D6E21-CD7C-8799-2308-183F12A7391B}.Debug|Any CPU.Build.0 = Debug|Any CPU
		{D25D6E21-CD7C-8799-2308-183F12A7391B}.Release|Any CPU.ActiveCfg = Release|Any CPU
		{D25D6E21-CD7C-8799-2308-183F12A7391B}.Release|Any CPU.Build.0 = Release|Any CPU
	EndGlobalSection
	GlobalSection(SolutionProperties) = preSolution
		HideSolutionNode = FALSE
	EndGlobalSection
EndGlobal
